
Microsoft Visual Studio Solution File, Format Version 12.00
# Visual Studio Version 17
VisualStudioVersion = 17.6.33815.320
MinimumVisualStudioVersion = 10.0.40219.1
Project("{9A19103F-16F7-4668-BE54-9A1E7A4F7556}") = "Ecommerce_test", "Ecommerce_test\Ecommerce_test.csproj", "{5933A06D-32B0-4E7B-9C26-5638D3654D47}"
EndProject
Project("{9A19103F-16F7-4668-BE54-9A1E7A4F7556}") = "Ecommerce.DataAccess", "Ecommerce.DataAccess\Ecommerce.DataAccess.csproj", "{11F1C908-0DFE-472B-8F64-D47E315CB139}"
EndProject
Project("{9A19103F-16F7-4668-BE54-9A1E7A4F7556}") = "Ecommerce.Models", "Ecommerce.Models\Ecommerce.Models.csproj", "{D45E575C-DCD6-4BD8-9AA4-060383DDEE73}"
EndProject
Project("{9A19103F-16F7-4668-BE54-9A1E7A4F7556}") = "Ecommerce.Utility", "Ecommerce.Utility\Ecommerce.Utility.csproj", "{A55E6A3C-B78D-4F3A-9A84-09528EB0027F}"
EndProject
Project("{9A19103F-16F7-4668-BE54-9A1E7A4F7556}") = "TestProject1", "TestProject1\TestProject1.csproj", "{2419AC9E-4E79-45C5-840A-D81525B74306}"
EndProject
Project("{FAE04EC0-301F-11D3-BF4B-00C04F79EFBC}") = "Algorithm", "Algorithm\Algorithm.csproj", "{C8525573-034D-4AD9-AA80-5FA10E6A60E3}"
EndProject
Global
	GlobalSection(SolutionConfigurationPlatforms) = preSolution
		Debug|Any CPU = Debug|Any CPU
		Release|Any CPU = Release|Any CPU
	EndGlobalSection
	GlobalSection(ProjectConfigurationPlatforms) = postSolution
		{5933A06D-32B0-4E7B-9C26-5638D3654D47}.Debug|Any CPU.ActiveCfg = Debug|Any CPU
		{5933A06D-32B0-4E7B-9C26-5638D3654D47}.Debug|Any CPU.Build.0 = Debug|Any CPU
		{5933A06D-32B0-4E7B-9C26-5638D3654D47}.Release|Any CPU.ActiveCfg = Release|Any CPU
		{5933A06D-32B0-4E7B-9C26-5638D3654D47}.Release|Any CPU.Build.0 = Release|Any CPU
		{11F1C908-0DFE-472B-8F64-D47E315CB139}.Debug|Any CPU.ActiveCfg = Debug|Any CPU
		{11F1C908-0DFE-472B-8F64-D47E315CB139}.Debug|Any CPU.Build.0 = Debug|Any CPU
		{11F1C908-0DFE-472B-8F64-D47E315CB139}.Release|Any CPU.ActiveCfg = Release|Any CPU
		{11F1C908-0DFE-472B-8F64-D47E315CB139}.Release|Any CPU.Build.0 = Release|Any CPU
		{D45E575C-DCD6-4BD8-9AA4-060383DDEE73}.Debug|Any CPU.ActiveCfg = Debug|Any CPU
		{D45E575C-DCD6-4BD8-9AA4-060383DDEE73}.Debug|Any CPU.Build.0 = Debug|Any CPU
		{D45E575C-DCD6-4BD8-9AA4-060383DDEE73}.Release|Any CPU.ActiveCfg = Release|Any CPU
		{D45E575C-DCD6-4BD8-9AA4-060383DDEE73}.Release|Any CPU.Build.0 = Release|Any CPU
		{A55E6A3C-B78D-4F3A-9A84-09528EB0027F}.Debug|Any CPU.ActiveCfg = Debug|Any CPU
		{A55E6A3C-B78D-4F3A-9A84-09528EB0027F}.Debug|Any CPU.Build.0 = Debug|Any CPU
		{A55E6A3C-B78D-4F3A-9A84-09528EB0027F}.Release|Any CPU.ActiveCfg = Release|Any CPU
		{A55E6A3C-B78D-4F3A-9A84-09528EB0027F}.Release|Any CPU.Build.0 = Release|Any CPU
		{2419AC9E-4E79-45C5-840A-D81525B74306}.Debug|Any CPU.ActiveCfg = Debug|Any CPU
		{2419AC9E-4E79-45C5-840A-D81525B74306}.Debug|Any CPU.Build.0 = Debug|Any CPU
		{2419AC9E-4E79-45C5-840A-D81525B74306}.Release|Any CPU.ActiveCfg = Release|Any CPU
		{2419AC9E-4E79-45C5-840A-D81525B74306}.Release|Any CPU.Build.0 = Release|Any CPU
		{C8525573-034D-4AD9-AA80-5FA10E6A60E3}.Debug|Any CPU.ActiveCfg = Debug|Any CPU
		{C8525573-034D-4AD9-AA80-5FA10E6A60E3}.Debug|Any CPU.Build.0 = Debug|Any CPU
		{C8525573-034D-4AD9-AA80-5FA10E6A60E3}.Release|Any CPU.ActiveCfg = Release|Any CPU
		{C8525573-034D-4AD9-AA80-5FA10E6A60E3}.Release|Any CPU.Build.0 = Release|Any CPU
	EndGlobalSection
	GlobalSection(SolutionProperties) = preSolution
		HideSolutionNode = FALSE
	EndGlobalSection
	GlobalSection(ExtensibilityGlobals) = postSolution
		SolutionGuid = {27092577-8DA0-4848-AA6C-B2D8B951F9B5}
	EndGlobalSection
EndGlobal
